
Microsoft Visual Studio Solution File, Format Version 10.00
# Visual Studio 2008
Project("{2150E333-8FDC-42A3-9474-1A3956D46DE8}") = "x86", "x86", "{B5BAB076-CDD2-4795-BFDE-C799A964651F}"
EndProject
Project("{2150E333-8FDC-42A3-9474-1A3956D46DE8}") = "xbox360", "xbox360", "{71006EBD-603A-4F77-AD20-B272434B2FE4}"
EndProject
Project("{2150E333-8FDC-42A3-9474-1A3956D46DE8}") = "engine", "engine", "{D4A22562-F067-4013-9097-A5FDFF9EFEC5}"
EndProject
Project("{2150E333-8FDC-42A3-9474-1A3956D46DE8}") = "demos", "demos", "{3A274EF2-6E7A-4E71-9B6F-717F7A46262D}"
EndProject
Project("{2150E333-8FDC-42A3-9474-1A3956D46DE8}") = "tools", "tools", "{AC5AA7DD-FD82-42E7-A051-7C9E7EEA7267}"
EndProject
Project("{FAE04EC0-301F-11D3-BF4B-00C04F79EFBC}") = "Core", "engine\core\Core.csproj", "{A5E96A0C-7CE7-4666-802D-5E1B790EC651}"
EndProject
Project("{FAE04EC0-301F-11D3-BF4B-00C04F79EFBC}") = "Utility", "engine\Utility\Utility.csproj", "{622A4487-83AD-4936-97D1-AFBBE0422BB7}"
EndProject
Project("{FAE04EC0-301F-11D3-BF4B-00C04F79EFBC}") = "RD2", "demos\RD2\RD2.csproj", "{4FEEE430-9B8C-4720-B368-7F9274F815AA}"
EndProject
Project("{2150E333-8FDC-42A3-9474-1A3956D46DE8}") = "zune", "zune", "{D4844807-5C80-42DE-8A1C-A9244964D5B8}"
EndProject
Global
	GlobalSection(TeamFoundationVersionControl) = preSolution
		SccNumberOfProjects = 7
		SccEnterpriseProvider = {4CA58AB2-18FA-4F8D-95D4-32DDF27D184C}
		SccTeamFoundationServer = https://tfs09.codeplex.com/
		SccProjectUniqueName0 = engine\\core\\core.csproj
		SccProjectTopLevelParentUniqueName0 = galaxy.sln
		SccProjectName0 = engine/core
		SccLocalPath0 = engine\\core
		SccProjectUniqueName1 = engine\\core\\Content\\Content.contentproj
		SccProjectTopLevelParentUniqueName1 = galaxy.sln
		SccProjectName1 = engine/core/Content
		SccLocalPath1 = engine\\core\\Content
		SccProjectUniqueName2 = engine\\Utility\\Utility.csproj
		SccProjectTopLevelParentUniqueName2 = galaxy.sln
		SccProjectName2 = engine/Utility
		SccLocalPath2 = engine\\Utility
		SccProjectUniqueName3 = engine\\Utility\\Content\\Content.contentproj
		SccProjectTopLevelParentUniqueName3 = galaxy.sln
		SccProjectName3 = engine/Utility/Content
		SccLocalPath3 = engine\\Utility\\Content
		SccProjectUniqueName4 = demos\\RD2\\RD2.csproj
		SccProjectTopLevelParentUniqueName4 = galaxy.sln
		SccProjectName4 = demos/RD2
		SccLocalPath4 = demos\\RD2
		SccProjectUniqueName5 = demos\\RD2\\Content\\Content.contentproj
		SccProjectTopLevelParentUniqueName5 = galaxy.sln
		SccProjectName5 = demos/RD2/Content
		SccLocalPath5 = demos\\RD2\\Content
		SccLocalPath6 = .
	EndGlobalSection
	GlobalSection(SolutionConfigurationPlatforms) = preSolution
		Debug|x86 = Debug|x86
		Release|x86 = Release|x86
	EndGlobalSection
	GlobalSection(ProjectConfigurationPlatforms) = postSolution
		{A5E96A0C-7CE7-4666-802D-5E1B790EC651}.Debug|x86.ActiveCfg = Debug|x86
		{A5E96A0C-7CE7-4666-802D-5E1B790EC651}.Debug|x86.Build.0 = Debug|x86
		{A5E96A0C-7CE7-4666-802D-5E1B790EC651}.Release|x86.ActiveCfg = Release|x86
		{A5E96A0C-7CE7-4666-802D-5E1B790EC651}.Release|x86.Build.0 = Release|x86
		{622A4487-83AD-4936-97D1-AFBBE0422BB7}.Debug|x86.ActiveCfg = Debug|x86
		{622A4487-83AD-4936-97D1-AFBBE0422BB7}.Debug|x86.Build.0 = Debug|x86
		{622A4487-83AD-4936-97D1-AFBBE0422BB7}.Release|x86.ActiveCfg = Release|x86
		{622A4487-83AD-4936-97D1-AFBBE0422BB7}.Release|x86.Build.0 = Release|x86
		{4FEEE430-9B8C-4720-B368-7F9274F815AA}.Debug|x86.ActiveCfg = Debug|x86
		{4FEEE430-9B8C-4720-B368-7F9274F815AA}.Debug|x86.Build.0 = Debug|x86
		{4FEEE430-9B8C-4720-B368-7F9274F815AA}.Release|x86.ActiveCfg = Release|x86
		{4FEEE430-9B8C-4720-B368-7F9274F815AA}.Release|x86.Build.0 = Release|x86
		{F70BC2A9-EB83-462C-91BC-D1263CB70F44}.Debug|x86.ActiveCfg = Debug|x86
		{F70BC2A9-EB83-462C-91BC-D1263CB70F44}.Release|x86.ActiveCfg = Release|x86
		{0CFD98D4-75BB-4FA5-B8DE-C1E56A514ACE}.Debug|x86.ActiveCfg = Debug|x86
		{0CFD98D4-75BB-4FA5-B8DE-C1E56A514ACE}.Release|x86.ActiveCfg = Release|x86
		{D22C5ADD-05E9-41EC-92D2-C58D52FF85C4}.Debug|x86.ActiveCfg = Debug|x86
		{D22C5ADD-05E9-41EC-92D2-C58D52FF85C4}.Release|x86.ActiveCfg = Release|x86
	EndGlobalSection
	GlobalSection(SolutionProperties) = preSolution
		HideSolutionNode = FALSE
	EndGlobalSection
	GlobalSection(NestedProjects) = preSolution
		{D4A22562-F067-4013-9097-A5FDFF9EFEC5} = {B5BAB076-CDD2-4795-BFDE-C799A964651F}
		{3A274EF2-6E7A-4E71-9B6F-717F7A46262D} = {B5BAB076-CDD2-4795-BFDE-C799A964651F}
		{AC5AA7DD-FD82-42E7-A051-7C9E7EEA7267} = {B5BAB076-CDD2-4795-BFDE-C799A964651F}
		{A5E96A0C-7CE7-4666-802D-5E1B790EC651} = {D4A22562-F067-4013-9097-A5FDFF9EFEC5}
		{622A4487-83AD-4936-97D1-AFBBE0422BB7} = {D4A22562-F067-4013-9097-A5FDFF9EFEC5}
		{4FEEE430-9B8C-4720-B368-7F9274F815AA} = {3A274EF2-6E7A-4E71-9B6F-717F7A46262D}
	EndGlobalSection
EndGlobal
